// !$*UTF8*$!
{
	archiveVersion = 1;
	classes = {
	};
	objectVersion = 46;
	objects = {

/* Begin PBXBuildFile section */
		31E47B5D1CE2A8C500F5DEF8 /* AppDelegate.swift in Sources */ = {isa = PBXBuildFile; fileRef = 31E47B5C1CE2A8C500F5DEF8 /* AppDelegate.swift */; };
		31E47B5F1CE2A8C500F5DEF8 /* ViewController.swift in Sources */ = {isa = PBXBuildFile; fileRef = 31E47B5E1CE2A8C500F5DEF8 /* ViewController.swift */; };
		31E47B611CE2A8C500F5DEF8 /* Document.swift in Sources */ = {isa = PBXBuildFile; fileRef = 31E47B601CE2A8C500F5DEF8 /* Document.swift */; };
		31E47B631CE2A8C500F5DEF8 /* Assets.xcassets in Resources */ = {isa = PBXBuildFile; fileRef = 31E47B621CE2A8C500F5DEF8 /* Assets.xcassets */; };
		31E47B661CE2A8C500F5DEF8 /* Main.storyboard in Resources */ = {isa = PBXBuildFile; fileRef = 31E47B641CE2A8C500F5DEF8 /* Main.storyboard */; };
		31E47B711CE2A8C500F5DEF8 /* SeaquillTests.swift in Sources */ = {isa = PBXBuildFile; fileRef = 31E47B701CE2A8C500F5DEF8 /* SeaquillTests.swift */; };
		31E47B7C1CE2A8C500F5DEF8 /* SeaquillUITests.swift in Sources */ = {isa = PBXBuildFile; fileRef = 31E47B7B1CE2A8C500F5DEF8 /* SeaquillUITests.swift */; };
		31E47B8F1CE3D53D00F5DEF8 /* export.plist in Resources */ = {isa = PBXBuildFile; fileRef = 31E47B8A1CE3D53D00F5DEF8 /* export.plist */; };
		31E47B911CE3D53D00F5DEF8 /* Fastfile in Resources */ = {isa = PBXBuildFile; fileRef = 31E47B8C1CE3D53D00F5DEF8 /* Fastfile */; };
/* End PBXBuildFile section */

/* Begin PBXContainerItemProxy section */
		31E47B6D1CE2A8C500F5DEF8 /* PBXContainerItemProxy */ = {
			isa = PBXContainerItemProxy;
			containerPortal = 31E47B511CE2A8C500F5DEF8 /* Project object */;
			proxyType = 1;
			remoteGlobalIDString = 31E47B581CE2A8C500F5DEF8;
			remoteInfo = Seaquill;
		};
		31E47B781CE2A8C500F5DEF8 /* PBXContainerItemProxy */ = {
			isa = PBXContainerItemProxy;
			containerPortal = 31E47B511CE2A8C500F5DEF8 /* Project object */;
			proxyType = 1;
			remoteGlobalIDString = 31E47B581CE2A8C500F5DEF8;
			remoteInfo = Seaquill;
		};
/* End PBXContainerItemProxy section */

/* Begin PBXFileReference section */
		31E47B591CE2A8C500F5DEF8 /* Seaquill.app */ = {isa = PBXFileReference; explicitFileType = wrapper.application; includeInIndex = 0; path = Seaquill.app; sourceTree = BUILT_PRODUCTS_DIR; };
		31E47B5C1CE2A8C500F5DEF8 /* AppDelegate.swift */ = {isa = PBXFileReference; lastKnownFileType = sourcecode.swift; path = AppDelegate.swift; sourceTree = "<group>"; };
		31E47B5E1CE2A8C500F5DEF8 /* ViewController.swift */ = {isa = PBXFileReference; lastKnownFileType = sourcecode.swift; path = ViewController.swift; sourceTree = "<group>"; };
		31E47B601CE2A8C500F5DEF8 /* Document.swift */ = {isa = PBXFileReference; lastKnownFileType = sourcecode.swift; path = Document.swift; sourceTree = "<group>"; };
		31E47B621CE2A8C500F5DEF8 /* Assets.xcassets */ = {isa = PBXFileReference; lastKnownFileType = folder.assetcatalog; path = Assets.xcassets; sourceTree = "<group>"; };
		31E47B651CE2A8C500F5DEF8 /* Base */ = {isa = PBXFileReference; lastKnownFileType = file.storyboard; name = Base; path = Base.lproj/Main.storyboard; sourceTree = "<group>"; };
		31E47B671CE2A8C500F5DEF8 /* Info.plist */ = {isa = PBXFileReference; lastKnownFileType = text.plist.xml; path = Info.plist; sourceTree = "<group>"; };
		31E47B6C1CE2A8C500F5DEF8 /* SeaquillTests.xctest */ = {isa = PBXFileReference; explicitFileType = wrapper.cfbundle; includeInIndex = 0; path = SeaquillTests.xctest; sourceTree = BUILT_PRODUCTS_DIR; };
		31E47B701CE2A8C500F5DEF8 /* SeaquillTests.swift */ = {isa = PBXFileReference; lastKnownFileType = sourcecode.swift; path = SeaquillTests.swift; sourceTree = "<group>"; };
		31E47B721CE2A8C500F5DEF8 /* Info.plist */ = {isa = PBXFileReference; lastKnownFileType = text.plist.xml; path = Info.plist; sourceTree = "<group>"; };
		31E47B771CE2A8C500F5DEF8 /* SeaquillUITests.xctest */ = {isa = PBXFileReference; explicitFileType = wrapper.cfbundle; includeInIndex = 0; path = SeaquillUITests.xctest; sourceTree = BUILT_PRODUCTS_DIR; };
		31E47B7B1CE2A8C500F5DEF8 /* SeaquillUITests.swift */ = {isa = PBXFileReference; lastKnownFileType = sourcecode.swift; path = SeaquillUITests.swift; sourceTree = "<group>"; };
		31E47B7D1CE2A8C500F5DEF8 /* Info.plist */ = {isa = PBXFileReference; lastKnownFileType = text.plist.xml; path = Info.plist; sourceTree = "<group>"; };
		31E47B8A1CE3D53D00F5DEF8 /* export.plist */ = {isa = PBXFileReference; fileEncoding = 4; lastKnownFileType = text.plist.xml; path = export.plist; sourceTree = "<group>"; };
		31E47B8C1CE3D53D00F5DEF8 /* Fastfile */ = {isa = PBXFileReference; explicitFileType = text.script.ruby; fileEncoding = 4; path = Fastfile; sourceTree = "<group>"; xcLanguageSpecificationIdentifier = xcode.lang.ruby; };
/* End PBXFileReference section */

/* Begin PBXFrameworksBuildPhase section */
		31E47B561CE2A8C500F5DEF8 /* Frameworks */ = {
			isa = PBXFrameworksBuildPhase;
			buildActionMask = 2147483647;
			files = (
			);
			runOnlyForDeploymentPostprocessing = 0;
		};
		31E47B691CE2A8C500F5DEF8 /* Frameworks */ = {
			isa = PBXFrameworksBuildPhase;
			buildActionMask = 2147483647;
			files = (
			);
			runOnlyForDeploymentPostprocessing = 0;
		};
		31E47B741CE2A8C500F5DEF8 /* Frameworks */ = {
			isa = PBXFrameworksBuildPhase;
			buildActionMask = 2147483647;
			files = (
			);
			runOnlyForDeploymentPostprocessing = 0;
		};
/* End PBXFrameworksBuildPhase section */

/* Begin PBXGroup section */
		31E47B501CE2A8C500F5DEF8 = {
			isa = PBXGroup;
			children = (
				31E47B891CE3D53D00F5DEF8 /* fastlane */,
				31E47B5B1CE2A8C500F5DEF8 /* Seaquill */,
				31E47B6F1CE2A8C500F5DEF8 /* SeaquillTests */,
				31E47B7A1CE2A8C500F5DEF8 /* SeaquillUITests */,
				31E47B5A1CE2A8C500F5DEF8 /* Products */,
			);
			sourceTree = "<group>";
		};
		31E47B5A1CE2A8C500F5DEF8 /* Products */ = {
			isa = PBXGroup;
			children = (
				31E47B591CE2A8C500F5DEF8 /* Seaquill.app */,
				31E47B6C1CE2A8C500F5DEF8 /* SeaquillTests.xctest */,
				31E47B771CE2A8C500F5DEF8 /* SeaquillUITests.xctest */,
			);
			name = Products;
			sourceTree = "<group>";
		};
		31E47B5B1CE2A8C500F5DEF8 /* Seaquill */ = {
			isa = PBXGroup;
			children = (
				31E47B5C1CE2A8C500F5DEF8 /* AppDelegate.swift */,
				31E47B5E1CE2A8C500F5DEF8 /* ViewController.swift */,
				31E47B601CE2A8C500F5DEF8 /* Document.swift */,
				31E47B621CE2A8C500F5DEF8 /* Assets.xcassets */,
				31E47B641CE2A8C500F5DEF8 /* Main.storyboard */,
				31E47B671CE2A8C500F5DEF8 /* Info.plist */,
			);
			path = Seaquill;
			sourceTree = "<group>";
		};
		31E47B6F1CE2A8C500F5DEF8 /* SeaquillTests */ = {
			isa = PBXGroup;
			children = (
				31E47B701CE2A8C500F5DEF8 /* SeaquillTests.swift */,
				31E47B721CE2A8C500F5DEF8 /* Info.plist */,
			);
			path = SeaquillTests;
			sourceTree = "<group>";
		};
		31E47B7A1CE2A8C500F5DEF8 /* SeaquillUITests */ = {
			isa = PBXGroup;
			children = (
				31E47B7B1CE2A8C500F5DEF8 /* SeaquillUITests.swift */,
				31E47B7D1CE2A8C500F5DEF8 /* Info.plist */,
			);
			path = SeaquillUITests;
			sourceTree = "<group>";
		};
		31E47B891CE3D53D00F5DEF8 /* fastlane */ = {
			isa = PBXGroup;
			children = (
				31E47B8A1CE3D53D00F5DEF8 /* export.plist */,
				31E47B8C1CE3D53D00F5DEF8 /* Fastfile */,
			);
			path = fastlane;
			sourceTree = "<group>";
		};
/* End PBXGroup section */

/* Begin PBXNativeTarget section */
		31E47B581CE2A8C500F5DEF8 /* Seaquill */ = {
			isa = PBXNativeTarget;
			buildConfigurationList = 31E47B801CE2A8C500F5DEF8 /* Build configuration list for PBXNativeTarget "Seaquill" */;
			buildPhases = (
				31E47B551CE2A8C500F5DEF8 /* Sources */,
				31E47B561CE2A8C500F5DEF8 /* Frameworks */,
				31E47B571CE2A8C500F5DEF8 /* Resources */,
			);
			buildRules = (
			);
			dependencies = (
			);
			name = Seaquill;
			productName = Seaquill;
			productReference = 31E47B591CE2A8C500F5DEF8 /* Seaquill.app */;
			productType = "com.apple.product-type.application";
		};
		31E47B6B1CE2A8C500F5DEF8 /* SeaquillTests */ = {
			isa = PBXNativeTarget;
			buildConfigurationList = 31E47B831CE2A8C500F5DEF8 /* Build configuration list for PBXNativeTarget "SeaquillTests" */;
			buildPhases = (
				31E47B681CE2A8C500F5DEF8 /* Sources */,
				31E47B691CE2A8C500F5DEF8 /* Frameworks */,
				31E47B6A1CE2A8C500F5DEF8 /* Resources */,
			);
			buildRules = (
			);
			dependencies = (
				31E47B6E1CE2A8C500F5DEF8 /* PBXTargetDependency */,
			);
			name = SeaquillTests;
			productName = SeaquillTests;
			productReference = 31E47B6C1CE2A8C500F5DEF8 /* SeaquillTests.xctest */;
			productType = "com.apple.product-type.bundle.unit-test";
		};
		31E47B761CE2A8C500F5DEF8 /* SeaquillUITests */ = {
			isa = PBXNativeTarget;
			buildConfigurationList = 31E47B861CE2A8C500F5DEF8 /* Build configuration list for PBXNativeTarget "SeaquillUITests" */;
			buildPhases = (
				31E47B731CE2A8C500F5DEF8 /* Sources */,
				31E47B741CE2A8C500F5DEF8 /* Frameworks */,
				31E47B751CE2A8C500F5DEF8 /* Resources */,
			);
			buildRules = (
			);
			dependencies = (
				31E47B791CE2A8C500F5DEF8 /* PBXTargetDependency */,
			);
			name = SeaquillUITests;
			productName = SeaquillUITests;
			productReference = 31E47B771CE2A8C500F5DEF8 /* SeaquillUITests.xctest */;
			productType = "com.apple.product-type.bundle.ui-testing";
		};
/* End PBXNativeTarget section */

/* Begin PBXProject section */
		31E47B511CE2A8C500F5DEF8 /* Project object */ = {
			isa = PBXProject;
			attributes = {
				LastSwiftUpdateCheck = 0730;
				LastUpgradeCheck = 0730;
				ORGANIZATIONNAME = "Jeff Kloosterman";
				TargetAttributes = {
					31E47B581CE2A8C500F5DEF8 = {
						CreatedOnToolsVersion = 7.3;
					};
					31E47B6B1CE2A8C500F5DEF8 = {
						CreatedOnToolsVersion = 7.3;
						TestTargetID = 31E47B581CE2A8C500F5DEF8;
					};
					31E47B761CE2A8C500F5DEF8 = {
						CreatedOnToolsVersion = 7.3;
						TestTargetID = 31E47B581CE2A8C500F5DEF8;
					};
				};
			};
			buildConfigurationList = 31E47B541CE2A8C500F5DEF8 /* Build configuration list for PBXProject "Seaquill" */;
			compatibilityVersion = "Xcode 3.2";
			developmentRegion = English;
			hasScannedForEncodings = 0;
			knownRegions = (
				en,
				Base,
			);
			mainGroup = 31E47B501CE2A8C500F5DEF8;
			productRefGroup = 31E47B5A1CE2A8C500F5DEF8 /* Products */;
			projectDirPath = "";
			projectRoot = "";
			targets = (
				31E47B581CE2A8C500F5DEF8 /* Seaquill */,
				31E47B6B1CE2A8C500F5DEF8 /* SeaquillTests */,
				31E47B761CE2A8C500F5DEF8 /* SeaquillUITests */,
			);
		};
/* End PBXProject section */

/* Begin PBXResourcesBuildPhase section */
		31E47B571CE2A8C500F5DEF8 /* Resources */ = {
			isa = PBXResourcesBuildPhase;
			buildActionMask = 2147483647;
			files = (
				31E47B911CE3D53D00F5DEF8 /* Fastfile in Resources */,
				31E47B631CE2A8C500F5DEF8 /* Assets.xcassets in Resources */,
				31E47B661CE2A8C500F5DEF8 /* Main.storyboard in Resources */,
				31E47B8F1CE3D53D00F5DEF8 /* export.plist in Resources */,
			);
			runOnlyForDeploymentPostprocessing = 0;
		};
		31E47B6A1CE2A8C500F5DEF8 /* Resources */ = {
			isa = PBXResourcesBuildPhase;
			buildActionMask = 2147483647;
			files = (
			);
			runOnlyForDeploymentPostprocessing = 0;
		};
		31E47B751CE2A8C500F5DEF8 /* Resources */ = {
			isa = PBXResourcesBuildPhase;
			buildActionMask = 2147483647;
			files = (
			);
			runOnlyForDeploymentPostprocessing = 0;
		};
/* End PBXResourcesBuildPhase section */

/* Begin PBXSourcesBuildPhase section */
		31E47B551CE2A8C500F5DEF8 /* Sources */ = {
			isa = PBXSourcesBuildPhase;
			buildActionMask = 2147483647;
			files = (
				31E47B5F1CE2A8C500F5DEF8 /* ViewController.swift in Sources */,
				31E47B5D1CE2A8C500F5DEF8 /* AppDelegate.swift in Sources */,
				31E47B611CE2A8C500F5DEF8 /* Document.swift in Sources */,
			);
			runOnlyForDeploymentPostprocessing = 0;
		};
		31E47B681CE2A8C500F5DEF8 /* Sources */ = {
			isa = PBXSourcesBuildPhase;
			buildActionMask = 2147483647;
			files = (
				31E47B711CE2A8C500F5DEF8 /* SeaquillTests.swift in Sources */,
			);
			runOnlyForDeploymentPostprocessing = 0;
		};
		31E47B731CE2A8C500F5DEF8 /* Sources */ = {
			isa = PBXSourcesBuildPhase;
			buildActionMask = 2147483647;
			files = (
				31E47B7C1CE2A8C500F5DEF8 /* SeaquillUITests.swift in Sources */,
			);
			runOnlyForDeploymentPostprocessing = 0;
		};
/* End PBXSourcesBuildPhase section */

/* Begin PBXTargetDependency section */
		31E47B6E1CE2A8C500F5DEF8 /* PBXTargetDependency */ = {
			isa = PBXTargetDependency;
			target = 31E47B581CE2A8C500F5DEF8 /* Seaquill */;
			targetProxy = 31E47B6D1CE2A8C500F5DEF8 /* PBXContainerItemProxy */;
		};
		31E47B791CE2A8C500F5DEF8 /* PBXTargetDependency */ = {
			isa = PBXTargetDependency;
			target = 31E47B581CE2A8C500F5DEF8 /* Seaquill */;
			targetProxy = 31E47B781CE2A8C500F5DEF8 /* PBXContainerItemProxy */;
		};
/* End PBXTargetDependency section */

/* Begin PBXVariantGroup section */
		31E47B641CE2A8C500F5DEF8 /* Main.storyboard */ = {
			isa = PBXVariantGroup;
			children = (
				31E47B651CE2A8C500F5DEF8 /* Base */,
			);
			name = Main.storyboard;
			sourceTree = "<group>";
		};
/* End PBXVariantGroup section */

/* Begin XCBuildConfiguration section */
		31E47B7E1CE2A8C500F5DEF8 /* Debug */ = {
			isa = XCBuildConfiguration;
			buildSettings = {
				ALWAYS_SEARCH_USER_PATHS = NO;
				CLANG_ANALYZER_NONNULL = YES;
				CLANG_CXX_LANGUAGE_STANDARD = "gnu++0x";
				CLANG_CXX_LIBRARY = "libc++";
				CLANG_ENABLE_MODULES = YES;
				CLANG_ENABLE_OBJC_ARC = YES;
				CLANG_WARN_BOOL_CONVERSION = YES;
				CLANG_WARN_CONSTANT_CONVERSION = YES;
				CLANG_WARN_DIRECT_OBJC_ISA_USAGE = YES_ERROR;
				CLANG_WARN_EMPTY_BODY = YES;
				CLANG_WARN_ENUM_CONVERSION = YES;
				CLANG_WARN_INT_CONVERSION = YES;
				CLANG_WARN_OBJC_ROOT_CLASS = YES_ERROR;
				CLANG_WARN_UNREACHABLE_CODE = YES;
				CLANG_WARN__DUPLICATE_METHOD_MATCH = YES;
				CODE_SIGN_IDENTITY = "-";
				COPY_PHASE_STRIP = NO;
				DEBUG_INFORMATION_FORMAT = dwarf;
				ENABLE_STRICT_OBJC_MSGSEND = YES;
				ENABLE_TESTABILITY = YES;
				GCC_C_LANGUAGE_STANDARD = gnu99;
				GCC_DYNAMIC_NO_PIC = NO;
				GCC_NO_COMMON_BLOCKS = YES;
				GCC_OPTIMIZATION_LEVEL = 0;
				GCC_PREPROCESSOR_DEFINITIONS = (
					"DEBUG=1",
					"$(inherited)",
				);
				GCC_WARN_64_TO_32_BIT_CONVERSION = YES;
				GCC_WARN_ABOUT_RETURN_TYPE = YES_ERROR;
				GCC_WARN_UNDECLARED_SELECTOR = YES;
				GCC_WARN_UNINITIALIZED_AUTOS = YES_AGGRESSIVE;
				GCC_WARN_UNUSED_FUNCTION = YES;
				GCC_WARN_UNUSED_VARIABLE = YES;
				MACOSX_DEPLOYMENT_TARGET = 10.11;
				MTL_ENABLE_DEBUG_INFO = YES;
				ONLY_ACTIVE_ARCH = YES;
				SDKROOT = macosx;
				SWIFT_OPTIMIZATION_LEVEL = "-Onone";
			};
			name = Debug;
		};
		31E47B7F1CE2A8C500F5DEF8 /* Release */ = {
			isa = XCBuildConfiguration;
			buildSettings = {
				ALWAYS_SEARCH_USER_PATHS = NO;
				CLANG_ANALYZER_NONNULL = YES;
				CLANG_CXX_LANGUAGE_STANDARD = "gnu++0x";
				CLANG_CXX_LIBRARY = "libc++";
				CLANG_ENABLE_MODULES = YES;
				CLANG_ENABLE_OBJC_ARC = YES;
				CLANG_WARN_BOOL_CONVERSION = YES;
				CLANG_WARN_CONSTANT_CONVERSION = YES;
				CLANG_WARN_DIRECT_OBJC_ISA_USAGE = YES_ERROR;
				CLANG_WARN_EMPTY_BODY = YES;
				CLANG_WARN_ENUM_CONVERSION = YES;
				CLANG_WARN_INT_CONVERSION = YES;
				CLANG_WARN_OBJC_ROOT_CLASS = YES_ERROR;
				CLANG_WARN_UNREACHABLE_CODE = YES;
				CLANG_WARN__DUPLICATE_METHOD_MATCH = YES;
				CODE_SIGN_IDENTITY = "-";
				COPY_PHASE_STRIP = NO;
				DEBUG_INFORMATION_FORMAT = "dwarf-with-dsym";
				ENABLE_NS_ASSERTIONS = NO;
				ENABLE_STRICT_OBJC_MSGSEND = YES;
				GCC_C_LANGUAGE_STANDARD = gnu99;
				GCC_NO_COMMON_BLOCKS = YES;
				GCC_WARN_64_TO_32_BIT_CONVERSION = YES;
				GCC_WARN_ABOUT_RETURN_TYPE = YES_ERROR;
				GCC_WARN_UNDECLARED_SELECTOR = YES;
				GCC_WARN_UNINITIALIZED_AUTOS = YES_AGGRESSIVE;
				GCC_WARN_UNUSED_FUNCTION = YES;
				GCC_WARN_UNUSED_VARIABLE = YES;
				MACOSX_DEPLOYMENT_TARGET = 10.11;
				MTL_ENABLE_DEBUG_INFO = NO;
				SDKROOT = macosx;
			};
			name = Release;
		};
		31E47B811CE2A8C500F5DEF8 /* Debug */ = {
			isa = XCBuildConfiguration;
			buildSettings = {
				ASSETCATALOG_COMPILER_APPICON_NAME = AppIcon;
				COMBINE_HIDPI_IMAGES = YES;
				INFOPLIST_FILE = Seaquill/Info.plist;
				LD_RUNPATH_SEARCH_PATHS = "$(inherited) @executable_path/../Frameworks";
				PRODUCT_BUNDLE_IDENTIFIER = com.jkloo.Seaquill;
				PRODUCT_NAME = "$(TARGET_NAME)";
			};
			name = Debug;
		};
		31E47B821CE2A8C500F5DEF8 /* Release */ = {
			isa = XCBuildConfiguration;
			buildSettings = {
				ASSETCATALOG_COMPILER_APPICON_NAME = AppIcon;
				COMBINE_HIDPI_IMAGES = YES;
				INFOPLIST_FILE = Seaquill/Info.plist;
				LD_RUNPATH_SEARCH_PATHS = "$(inherited) @executable_path/../Frameworks";
				PRODUCT_BUNDLE_IDENTIFIER = com.jkloo.Seaquill;
				PRODUCT_NAME = "$(TARGET_NAME)";
			};
			name = Release;
		};
		31E47B841CE2A8C500F5DEF8 /* Debug */ = {
			isa = XCBuildConfiguration;
			buildSettings = {
				BUNDLE_LOADER = "$(TEST_HOST)";
				COMBINE_HIDPI_IMAGES = YES;
				INFOPLIST_FILE = SeaquillTests/Info.plist;
				LD_RUNPATH_SEARCH_PATHS = "$(inherited) @executable_path/../Frameworks @loader_path/../Frameworks";
				PRODUCT_BUNDLE_IDENTIFIER = com.jkloo.SeaquillTests;
				PRODUCT_NAME = "$(TARGET_NAME)";
				TEST_HOST = "$(BUILT_PRODUCTS_DIR)/Seaquill.app/Contents/MacOS/Seaquill";
			};
			name = Debug;
		};
		31E47B851CE2A8C500F5DEF8 /* Release */ = {
			isa = XCBuildConfiguration;
			buildSettings = {
				BUNDLE_LOADER = "$(TEST_HOST)";
				COMBINE_HIDPI_IMAGES = YES;
				INFOPLIST_FILE = SeaquillTests/Info.plist;
				LD_RUNPATH_SEARCH_PATHS = "$(inherited) @executable_path/../Frameworks @loader_path/../Frameworks";
				PRODUCT_BUNDLE_IDENTIFIER = com.jkloo.SeaquillTests;
				PRODUCT_NAME = "$(TARGET_NAME)";
				TEST_HOST = "$(BUILT_PRODUCTS_DIR)/Seaquill.app/Contents/MacOS/Seaquill";
			};
			name = Release;
		};
		31E47B871CE2A8C500F5DEF8 /* Debug */ = {
			isa = XCBuildConfiguration;
			buildSettings = {
				COMBINE_HIDPI_IMAGES = YES;
				INFOPLIST_FILE = SeaquillUITests/Info.plist;
				LD_RUNPATH_SEARCH_PATHS = "$(inherited) @executable_path/../Frameworks @loader_path/../Frameworks";
				PRODUCT_BUNDLE_IDENTIFIER = com.jkloo.SeaquillUITests;
				PRODUCT_NAME = "$(TARGET_NAME)";
				TEST_TARGET_NAME = Seaquill;
			};
			name = Debug;
		};
		31E47B881CE2A8C500F5DEF8 /* Release */ = {
			isa = XCBuildConfiguration;
			buildSettings = {
				COMBINE_HIDPI_IMAGES = YES;
				INFOPLIST_FILE = SeaquillUITests/Info.plist;
				LD_RUNPATH_SEARCH_PATHS = "$(inherited) @executable_path/../Frameworks @loader_path/../Frameworks";
				PRODUCT_BUNDLE_IDENTIFIER = com.jkloo.SeaquillUITests;
				PRODUCT_NAME = "$(TARGET_NAME)";
				TEST_TARGET_NAME = Seaquill;
			};
			name = Release;
		};
/* End XCBuildConfiguration section */

/* Begin XCConfigurationList section */
		31E47B541CE2A8C500F5DEF8 /* Build configuration list for PBXProject "Seaquill" */ = {
			isa = XCConfigurationList;
			buildConfigurations = (
				31E47B7E1CE2A8C500F5DEF8 /* Debug */,
				31E47B7F1CE2A8C500F5DEF8 /* Release */,
			);
			defaultConfigurationIsVisible = 0;
			defaultConfigurationName = Release;
		};
		31E47B801CE2A8C500F5DEF8 /* Build configuration list for PBXNativeTarget "Seaquill" */ = {
			isa = XCConfigurationList;
			buildConfigurations = (
				31E47B811CE2A8C500F5DEF8 /* Debug */,
				31E47B821CE2A8C500F5DEF8 /* Release */,
			);
			defaultConfigurationIsVisible = 0;
			defaultConfigurationName = Release;
		};
		31E47B831CE2A8C500F5DEF8 /* Build configuration list for PBXNativeTarget "SeaquillTests" */ = {
			isa = XCConfigurationList;
			buildConfigurations = (
				31E47B841CE2A8C500F5DEF8 /* Debug */,
				31E47B851CE2A8C500F5DEF8 /* Release */,
			);
			defaultConfigurationIsVisible = 0;
			defaultConfigurationName = Release;
		};
		31E47B861CE2A8C500F5DEF8 /* Build configuration list for PBXNativeTarget "SeaquillUITests" */ = {
			isa = XCConfigurationList;
			buildConfigurations = (
				31E47B871CE2A8C500F5DEF8 /* Debug */,
				31E47B881CE2A8C500F5DEF8 /* Release */,
			);
			defaultConfigurationIsVisible = 0;
			defaultConfigurationName = Release;
		};
/* End XCConfigurationList section */
	};
	rootObject = 31E47B511CE2A8C500F5DEF8 /* Project object */;
}
